# auto-generated by grc.converter

id: ofdm_suppress_erasure_decision
label: suppress_erasure_decision
category: ofdm

parameters:
-   id: '...'
    label: '...'
    dtype: '...'

inputs:
-   domain: stream
    dtype: ''

outputs:
-   domain: stream
    dtype: ''

templates:
    imports: import ofdm
    make: ofdm.suppress_erasure_decision($)

file_format: 1
