# auto-generated by grc.converter

id: ofdm_dummy_ff
label: dummy_ff
category: ofdm

parameters:
-   id: '...'
    label: '...'
    dtype: '...'

inputs:
-   domain: stream
    dtype: ''

outputs:
-   domain: stream
    dtype: ''

templates:
    imports: import ofdm
    make: ofdm.dummy_ff($)

file_format: 1
