# auto-generated by grc.converter

id: ofdm_lms_phase_tracking
label: lms_phase_tracking
category: ofdm

parameters:
-   id: '...'
    label: '...'
    dtype: '...'

inputs:
-   domain: stream
    dtype: ''

outputs:
-   domain: stream
    dtype: ''

templates:
    imports: import ofdm
    make: ofdm.lms_phase_tracking(${vlen}, $&pilot_tones, $&data_symbols)

file_format: 1
