# auto-generated by grc.converter

id: ofdm_generic_mapper_mimo_bcv
label: generic_mapper_mimo_bcv
category: ofdm

parameters:
-   id: '...'
    label: '...'
    dtype: '...'

inputs:
-   domain: stream
    dtype: ''

outputs:
-   domain: stream
    dtype: ''

templates:
    imports: import ofdm
    make: ofdm.generic_mapper_mimo_bcv(${vlen}, ${coding})

file_format: 1
