# auto-generated by grc.converter

id: ofdm_autocorrelator_stage2
label: autocorrelator_stage2
category: ofdm

parameters:
-   id: '...'
    label: '...'
    dtype: '...'

inputs:
-   domain: stream
    dtype: ''

outputs:
-   domain: stream
    dtype: ''

templates:
    imports: import ofdm
    make: ofdm.autocorrelator_stage2(${n_samples})

file_format: 1
