# auto-generated by grc.converter

id: ofdm_stc_encoder
label: stc_encoder
category: ofdm

parameters:
-   id: '...'
    label: '...'
    dtype: '...'

inputs:
-   domain: stream
    dtype: ''

outputs:
-   domain: stream
    dtype: ''

templates:
    imports: import ofdm
    make: ofdm.stc_encoder(${vlen}, ${num_symbols}, $&pilot_subcarriers)

file_format: 1
