# auto-generated by grc.converter

id: ofdm_complex_white_noise
label: complex_white_noise
category: ofdm

parameters:
-   id: '...'
    label: '...'
    dtype: '...'

inputs:
-   domain: stream
    dtype: ''

outputs:
-   domain: stream
    dtype: ''

templates:
    imports: import ofdm
    make: ofdm.complex_white_noise(${mean}, ${sigma})

file_format: 1
