# auto-generated by grc.converter

id: ofdm_subc_snr_estimator
label: subc_snr_estimator
category: ofdm

parameters:
-   id: '...'
    label: '...'
    dtype: '...'

inputs:
-   domain: stream
    dtype: ''

outputs:
-   domain: stream
    dtype: ''

templates:
    imports: import ofdm
    make: ofdm.subc_snr_estimator(${vlen})

file_format: 1
