# auto-generated by grc.converter

id: ofdm_vector_sum_vcc
label: vector_sum_vcc
category: ofdm

parameters:
-   id: '...'
    label: '...'
    dtype: '...'

inputs:
-   domain: stream
    dtype: ''

outputs:
-   domain: stream
    dtype: ''

templates:
    imports: import ofdm
    make: ofdm.vector_sum_vcc(${vlen})

file_format: 1
