# auto-generated by grc.converter

id: ofdm_moms_cc
label: moms_cc
category: ofdm

parameters:
-   id: '...'
    label: '...'
    dtype: '...'

inputs:
-   domain: stream
    dtype: ''

outputs:
-   domain: stream
    dtype: ''

templates:
    imports: import ofdm
    make: ofdm.moms_cc(${ip_num}, ${ip_denom})

file_format: 1
