# auto-generated by grc.converter

id: ofdm_noise_nulling
label: noise_nulling
category: ofdm

parameters:
-   id: '...'
    label: '...'
    dtype: '...'

inputs:
-   domain: stream
    dtype: ''

outputs:
-   domain: stream
    dtype: ''

templates:
    imports: import ofdm
    make: ofdm.noise_nulling(${vlen}, ${keep})

file_format: 1
