# auto-generated by grc.converter

id: ofdm_peak_resync_bb
label: peak_resync_bb
category: ofdm

parameters:
-   id: '...'
    label: '...'
    dtype: '...'

inputs:
-   domain: stream
    dtype: ''

outputs:
-   domain: stream
    dtype: ''

templates:
    imports: import ofdm
    make: ofdm.peak_resync_bb(${replace})

file_format: 1
