# auto-generated by grc.converter

id: ofdm_ber_reference_source
label: OFDM BER Reference Source
category: ofdm

parameters:
-   id: subcarriers
    label: Subcarriers
    dtype: int
    default: '1'
-   id: data_blocks
    label: Data Blocks
    dtype: int
    default: '1'

inputs:
-   domain: stream
    dtype: short
-   domain: stream
    dtype: int

outputs:
-   domain: stream
    dtype: byte

templates:
    imports: import ofdm
    make: ofdm.ber_reference_source_grc(${subcarriers}, ${data_blocks})

documentation: "OFDM BER Reference Source\n\tWrapper Block"

file_format: 1
