# auto-generated by grc.converter

id: ofdm_fbmc_asymmetrical_vector_padding_vcvc
label: fbmc_asymmetrical_vector_padding_vcvc
category: ofdm

parameters:
-   id: '...'
    label: '...'
    dtype: '...'

inputs:
-   domain: stream
    dtype: ''

outputs:
-   domain: stream
    dtype: ''

templates:
    imports: import ofdm
    make: ofdm.fbmc_asymmetrical_vector_padding_vcvc(${start}, ${end}, ${vlen}, ${padding_left})

file_format: 1
