# auto-generated by grc.converter

id: ofdm_calc_metric
label: calc_metric
category: ofdm

parameters:
-   id: '...'
    label: '...'
    dtype: '...'

inputs:
-   domain: stream
    dtype: ''

outputs:
-   domain: stream
    dtype: ''

templates:
    imports: import ofdm
    make: ofdm.calc_metric($0)

file_format: 1
