# auto-generated by grc.converter

id: ofdm_channel_equalizer_mimo_3
label: channel_equalizer_mimo_3
category: ofdm

parameters:
-   id: '...'
    label: '...'
    dtype: '...'

inputs:
-   domain: stream
    dtype: ''

outputs:
-   domain: stream
    dtype: ''

templates:
    imports: import ofdm
    make: ofdm.channel_equalizer_mimo_3(${vlen})

file_format: 1
