# auto-generated by grc.converter

id: ofdm_itpp_tdl_channel
label: itpp_tdl_channel
category: ofdm

parameters:
-   id: '...'
    label: '...'
    dtype: '...'

inputs:
-   domain: stream
    dtype: ''

outputs:
-   domain: stream
    dtype: ''

templates:
    imports: import ofdm
    make: ofdm.itpp_tdl_channel(${avg_power_db}, ${delay_prof}, ${calc_impulse_response})

file_format: 1
