# auto-generated by grc.converter

id: zeromq_rpc_manager
label: ZMQ RPC Manager
category: ZeroMQ Interfaces

parameters:
-   id: type
    label: IO Type
    dtype: enum
    options: [complex, float, int, short, byte]
    option_attributes:
        itemsize: [gr.sizeof_gr_complex, gr.sizeof_float, gr.sizeof_int, gr.sizeof_short,
            gr.sizeof_char]
-   id: vlen
    label: Vec Length
    dtype: int
    default: '1'
-   id: address
    label: Address
    dtype: string
-   id: timeout
    label: Timeout (msec)
    dtype: float
    default: '100'

templates:
    imports: from gnuradio import zeromq
    make: zeromq.rpc_manager()
    callbacks:
    - set_reply_socket(${address})

file_format: 1
