# auto-generated by grc.converter

id: ofdm_schmidl_tm_rec_stage2
label: schmidl_tm_rec_stage2
category: ofdm

parameters:
-   id: '...'
    label: '...'
    dtype: '...'

inputs:
-   domain: stream
    dtype: ''

outputs:
-   domain: stream
    dtype: ''

templates:
    imports: import ofdm
    make: ofdm.schmidl_tm_rec_stage2(${window})

file_format: 1
