# auto-generated by grc.converter

id: ofdm_mean_squared_error
label: mean_squared_error
category: ofdm

parameters:
-   id: '...'
    label: '...'
    dtype: '...'

inputs:
-   domain: stream
    dtype: ''

outputs:
-   domain: stream
    dtype: ''

templates:
    imports: import ofdm
    make: ofdm.mean_squared_error(${vlen}, ${window}, ${reset}, ${norm_factor})

file_format: 1
