# auto-generated by grc.converter

id: ofdm_encoder_bb
label: encoder_bb
category: ofdm

parameters:
-   id: '...'
    label: '...'
    dtype: '...'

inputs:
-   domain: stream
    dtype: ''

outputs:
-   domain: stream
    dtype: ''

templates:
    imports: import ofdm
    make: ofdm.encoder_bb($&FSM, ${ST})

file_format: 1
