# auto-generated by grc.converter

id: ofdm_autocorrelator0
label: autocorrelator0
category: ofdm

parameters:
-   id: '...'
    label: '...'
    dtype: '...'

inputs:
-   domain: stream
    dtype: ''

outputs:
-   domain: stream
    dtype: ''

templates:
    imports: import ofdm
    make: ofdm.autocorrelator0(${lag}, ${n_samples})

file_format: 1
