# auto-generated by grc.converter

id: ofdm_sinr_estimator_02
label: sinr_estimator_02
category: ofdm

parameters:
-   id: '...'
    label: '...'
    dtype: '...'

inputs:
-   domain: stream
    dtype: ''

outputs:
-   domain: stream
    dtype: ''

templates:
    imports: import ofdm
    make: ofdm.sinr_estimator_02(${vlen}, ${skip})

file_format: 1
