# auto-generated by grc.converter

id: ofdm_imgtransfer_sink
label: imgtransfer_sink
category: ofdm

parameters:
-   id: '...'
    label: '...'
    dtype: '...'

inputs:
-   domain: stream
    dtype: ''

outputs:
-   domain: stream
    dtype: ''

templates:
    imports: import ofdm
    make: ofdm.imgtransfer_sink(${udppacketsize}, ${src_ip}, ${src_port}, ${dst_ip},
        ${dst_port}, ${filename}, ${do_compare})

file_format: 1
