# auto-generated by grc.converter

id: ofdm_vector_element_vff
label: vector_element_vff
category: ofdm

parameters:
-   id: '...'
    label: '...'
    dtype: '...'

inputs:
-   domain: stream
    dtype: ''

outputs:
-   domain: stream
    dtype: ''

templates:
    imports: import ofdm
    make: ofdm.vector_element_vff(${vlen}, ${element})

file_format: 1
