# auto-generated by grc.converter

id: ofdm_constellation_sample_filter
label: constellation_sample_filter
category: ofdm

parameters:
-   id: '...'
    label: '...'
    dtype: '...'

inputs:
-   domain: stream
    dtype: ''

outputs:
-   domain: stream
    dtype: ''

templates:
    imports: import ofdm
    make: ofdm.constellation_sample_filter(${arity}, ${vlen})

file_format: 1
