# auto-generated by grc.converter

id: ofdm_limit_vff
label: limit_vff
category: ofdm

parameters:
-   id: '...'
    label: '...'
    dtype: '...'

inputs:
-   domain: stream
    dtype: ''

outputs:
-   domain: stream
    dtype: ''

templates:
    imports: import ofdm
    make: ofdm.limit_vff(${vlen}, ${up_limit}, ${lo_limit})

file_format: 1
