# auto-generated by grc.converter

id: ofdm_complex_to_arg
label: complex_to_arg
category: ofdm

parameters:
-   id: '...'
    label: '...'
    dtype: '...'

inputs:
-   domain: stream
    dtype: ''

outputs:
-   domain: stream
    dtype: ''

templates:
    imports: import ofdm
    make: ofdm.complex_to_arg(${vlen})

file_format: 1
