# auto-generated by grc.converter

id: ofdm_stream_controlled_mux
label: stream_controlled_mux
category: ofdm

parameters:
-   id: '...'
    label: '...'
    dtype: '...'

inputs:
-   domain: stream
    dtype: ''

outputs:
-   domain: stream
    dtype: ''

templates:
    imports: import ofdm
    make: ofdm.stream_controlled_mux(${streamsize})

file_format: 1
