# auto-generated by grc.converter

id: ofdm_peak_detector_02_fb
label: Peak Detector 02
category: ofdm

parameters:
-   id: look_ahead
    label: Look Ahead
    dtype: int
-   id: threshold
    label: Threshold
    dtype: float

inputs:
-   domain: stream
    dtype: float

outputs:
-   domain: stream
    dtype: byte

templates:
    imports: import ofdm
    make: ofdm.peak_detector_02_fb(${look_ahead}, ${threshold})

file_format: 1
