# auto-generated by grc.converter

id: ofdm_reference_data_source_02_ib
label: Reference Data Source
category: ofdm

parameters:
-   id: ref_data
    label: Reference Data
    dtype: char_vector

inputs:
-   label: in_id
    domain: stream
    dtype: short
-   label: in_cnt
    domain: stream
    dtype: int

outputs:
-   label: out_bits
    domain: stream
    dtype: char

templates:
    imports: import ofdm
    make: ofdm.reference_data_source_02_ib(${ref_data})

file_format: 1
