# auto-generated by grc.converter

id: ofdm_recursive_timing_metric
label: Recursive Timing metric
category: FBMC

parameters:
-   id: fft_length
    label: FFT Length
    dtype: int
    default: '1'

inputs:
-   domain: stream
    dtype: complex

outputs:
-   domain: stream
    dtype: float

templates:
    imports: from ofdm.schmidl import recursive_timing_metric
    make: recursive_timing_metric(${fft_length})

documentation: "FBMC Recursive Timing Metric\n\tWrapper Block"

file_format: 1
