# auto-generated by grc.converter

id: ofdm_midamble_insert
label: midamble_insert
category: ofdm

parameters:
-   id: '...'
    label: '...'
    dtype: '...'

inputs:
-   domain: stream
    dtype: ''

outputs:
-   domain: stream
    dtype: ''

templates:
    imports: import ofdm
    make: ofdm.midamble_insert(${vlen}, ${frame_len})

file_format: 1
