# auto-generated by grc.converter

id: ofdm_extract_block_from_frame
label: extract_block_from_frame
category: ofdm

parameters:
-   id: '...'
    label: '...'
    dtype: '...'

inputs:
-   domain: stream
    dtype: ''

outputs:
-   domain: stream
    dtype: ''

templates:
    imports: import ofdm
    make: ofdm.extract_block_from_frame(${vlen}, ${block_no})

file_format: 1
