# auto-generated by grc.converter

id: ofdm_stc_decoder_rx0
label: stc_decoder_rx0
category: ofdm

parameters:
-   id: '...'
    label: '...'
    dtype: '...'

inputs:
-   domain: stream
    dtype: ''

outputs:
-   domain: stream
    dtype: ''

templates:
    imports: import ofdm
    make: ofdm.stc_decoder_rx0(${vlen})

file_format: 1
