# auto-generated by grc.converter

id: ofdm_trigger_surveillance
label: trigger_surveillance
category: ofdm

parameters:
-   id: '...'
    label: '...'
    dtype: '...'

inputs:
-   domain: stream
    dtype: ''

outputs:
-   domain: stream
    dtype: ''

templates:
    imports: import ofdm
    make: ofdm.trigger_surveillance(${ideal_distance}, ${max_shift})

file_format: 1
