# auto-generated by grc.converter

id: ofdm_sqrt_vff
label: sqrt_vff
category: ofdm

parameters:
-   id: '...'
    label: '...'
    dtype: '...'

inputs:
-   domain: stream
    dtype: ''

outputs:
-   domain: stream
    dtype: ''

templates:
    imports: import ofdm
    make: ofdm.sqrt_vff(${vlen})

file_format: 1
