# auto-generated by grc.converter

id: ofdm_static_mux_v
label: static_mux_v
category: ofdm

parameters:
-   id: '...'
    label: '...'
    dtype: '...'

inputs:
-   domain: stream
    dtype: ''

outputs:
-   domain: stream
    dtype: ''

templates:
    imports: import ofdm
    make: ofdm.static_mux_v(${streamsize}, $&mux_ctrl)

file_format: 1
