# auto-generated by grc.converter

id: ofdm_CTF_MSE_enhancer
label: CTF_MSE_enhancer
category: ofdm

parameters:
-   id: '...'
    label: '...'
    dtype: '...'

inputs:
-   domain: stream
    dtype: ''

outputs:
-   domain: stream
    dtype: ''

templates:
    imports: import ofdm
    make: ofdm.CTF_MSE_enhancer(${vlen}, ${cir_len})

file_format: 1
