# auto-generated by grc.converter

id: ofdm_depuncture_bb
label: depuncture_bb
category: ofdm

parameters:
-   id: '...'
    label: '...'
    dtype: '...'

inputs:
-   domain: stream
    dtype: ''

outputs:
-   domain: stream
    dtype: ''

templates:
    imports: import ofdm
    make: ofdm.depuncture_bb(${vlen}, ${fillval})

file_format: 1
