# auto-generated by grc.converter

id: ofdm_schmidl_cfo_estimator
label: schmidl_cfo_estimator
category: ofdm

parameters:
-   id: '...'
    label: '...'
    dtype: '...'

inputs:
-   domain: stream
    dtype: ''

outputs:
-   domain: stream
    dtype: ''

templates:
    imports: import ofdm
    make: ofdm.schmidl_cfo_estimator(${fft_length}, ${carriers}, ${estimation_range},
        $&differential_pn_seq)

file_format: 1
