# auto-generated by grc.converter

id: ofdm_stream_controlled_mux_b
label: Stream Controlled Mux
category: ofdm

inputs:
-   domain: stream
    dtype: byte
-   domain: stream
    dtype: byte
-   domain: stream
    dtype: byte

outputs:
-   domain: stream
    dtype: byte

templates:
    imports: import ofdm
    make: ofdm.stream_controlled_mux_b()

file_format: 1
