# auto-generated by grc.converter

id: ofdm_compat_read_ber_from_imgxfer
label: compat_read_ber_from_imgxfer
category: ofdm

parameters:
-   id: '...'
    label: '...'
    dtype: '...'

inputs:
-   domain: stream
    dtype: ''

outputs:
-   domain: stream
    dtype: ''

templates:
    imports: import ofdm
    make: ofdm.compat_read_ber_from_imgxfer(${xfersink})

file_format: 1
