# auto-generated by grc.converter

id: ofdm_template_ff
label: template_ff
category: ofdm

parameters:
-   id: '...'
    label: '...'
    dtype: '...'

inputs:
-   domain: stream
    dtype: ''

outputs:
-   domain: stream
    dtype: ''

templates:
    imports: import ofdm
    make: ofdm.template_ff($)

file_format: 1
