# auto-generated by grc.converter

id: ofdm_throughput_measure
label: throughput_measure
category: ofdm

parameters:
-   id: '...'
    label: '...'
    dtype: '...'

inputs:
-   domain: stream
    dtype: ''

outputs:
-   domain: stream
    dtype: ''

templates:
    imports: import ofdm
    make: ofdm.throughput_measure(${itemsize})

file_format: 1
