# auto-generated by grc.converter

id: ofdm_feedback_sink_vf
label: feedback_sink_vf
category: ofdm

parameters:
-   id: '...'
    label: '...'
    dtype: '...'

inputs:
-   domain: stream
    dtype: ''

outputs:
-   domain: stream
    dtype: ''

templates:
    imports: import ofdm
    make: ofdm.feedback_sink_vf(${subc}, $*address)

file_format: 1
