# auto-generated by grc.converter

id: ofdm_int_skip
label: int_skip
category: ofdm

parameters:
-   id: '...'
    label: '...'
    dtype: '...'

inputs:
-   domain: stream
    dtype: ''

outputs:
-   domain: stream
    dtype: ''

templates:
    imports: import ofdm
    make: ofdm.int_skip(${vlen}, ${skip}, ${start})

file_format: 1
