# auto-generated by grc.converter

id: ofdm_scatterplot_sink
label: scatterplot_sink
category: ofdm

parameters:
-   id: '...'
    label: '...'
    dtype: '...'

inputs:
-   domain: stream
    dtype: ''

outputs:
-   domain: stream
    dtype: ''

templates:
    imports: import ofdm
    make: ofdm.scatterplot_sink(${vlen}, ${shm_id})

file_format: 1
