# auto-generated by grc.converter

id: ofdm_bernoulli_bit_src
label: bernoulli_bit_src
category: ofdm

parameters:
-   id: '...'
    label: '...'
    dtype: '...'

inputs:
-   domain: stream
    dtype: ''

outputs:
-   domain: stream
    dtype: ''

templates:
    imports: import ofdm
    make: ofdm.bernoulli_bit_src(${p})

file_format: 1
