# auto-generated by grc.converter

id: ofdm_ls_estimator_straight_slope
label: ls_estimator_straight_slope
category: ofdm

parameters:
-   id: '...'
    label: '...'
    dtype: '...'

inputs:
-   domain: stream
    dtype: ''

outputs:
-   domain: stream
    dtype: ''

templates:
    imports: import ofdm
    make: ofdm.ls_estimator_straight_slope(${vlen})

file_format: 1
