# auto-generated by grc.converter

id: ofdm_vector_padding_dc_null
label: vector_padding_dc_null
category: ofdm

parameters:
-   id: '...'
    label: '...'
    dtype: '...'

inputs:
-   domain: stream
    dtype: ''

outputs:
-   domain: stream
    dtype: ''

templates:
    imports: import ofdm
    make: ofdm.vector_padding_dc_null(${carriers}, ${vlen}, ${dc_zeros}, ${padding_left})

file_format: 1
