# auto-generated by grc.converter

id: ofdm_bit_position_dependent_ber
label: Bit Position Dependent BER
category: ofdm

parameters:
-   id: filename_prefix
    label: Filename Prefix
    dtype: string

inputs:
-   label: data
    domain: stream
    dtype: char
-   label: ref
    domain: stream
    dtype: char
-   label: bitcount
    domain: stream
    dtype: int

templates:
    imports: import ofdm
    make: ofdm.bit_position_dependent_ber(${filename_prefix})

file_format: 1
