# auto-generated by grc.converter

id: ofdm_channel_estimator_01
label: channel_estimator_01
category: ofdm

parameters:
-   id: '...'
    label: '...'
    dtype: '...'

inputs:
-   domain: stream
    dtype: ''

outputs:
-   domain: stream
    dtype: ''

templates:
    imports: import ofdm
    make: ofdm.channel_estimator_01(${vlen})

file_format: 1
