# auto-generated by grc.converter

id: ofdm_multiply_const_ccf
label: multiply_const_ccf
category: ofdm

parameters:
-   id: k
    label: Constant
    dtype: float

inputs:
-   domain: stream
    dtype: complex

outputs:
-   domain: stream
    dtype: complex

templates:
    imports: import ofdm
    make: ofdm.multiply_const_ccf(${k})

file_format: 1
